
Microsoft Visual Studio Solution File, Format Version 12.00
# Visual Studio Version 17
VisualStudioVersion = 17.11.35327.3
MinimumVisualStudioVersion = 10.0.40219.1
Project("{FAE04EC0-301F-11D3-BF4B-00C04F79EFBC}") = "Repositories", "Repositories\Repositories.csproj", "{D92594A7-AEAA-43EE-B914-AE984A33FC40}"
EndProject
Project("{FAE04EC0-301F-11D3-BF4B-00C04F79EFBC}") = "Services", "Services\Services.csproj", "{65BEC462-CC88-40CB-BF4E-5E8F69928179}"
EndProject
Project("{FAE04EC0-301F-11D3-BF4B-00C04F79EFBC}") = "API", "API\API.csproj", "{3048E191-8282-425C-AB88-6CDE10E505EA}"
EndProject
Global
	GlobalSection(SolutionConfigurationPlatforms) = preSolution
		Debug|Any CPU = Debug|Any CPU
		Release|Any CPU = Release|Any CPU
	EndGlobalSection
	GlobalSection(ProjectConfigurationPlatforms) = postSolution
		{D92594A7-AEAA-43EE-B914-AE984A33FC40}.Debug|Any CPU.ActiveCfg = Debug|Any CPU
		{D92594A7-AEAA-43EE-B914-AE984A33FC40}.Debug|Any CPU.Build.0 = Debug|Any CPU
		{D92594A7-AEAA-43EE-B914-AE984A33FC40}.Release|Any CPU.ActiveCfg = Release|Any CPU
		{D92594A7-AEAA-43EE-B914-AE984A33FC40}.Release|Any CPU.Build.0 = Release|Any CPU
		{65BEC462-CC88-40CB-BF4E-5E8F69928179}.Debug|Any CPU.ActiveCfg = Debug|Any CPU
		{65BEC462-CC88-40CB-BF4E-5E8F69928179}.Debug|Any CPU.Build.0 = Debug|Any CPU
		{65BEC462-CC88-40CB-BF4E-5E8F69928179}.Release|Any CPU.ActiveCfg = Release|Any CPU
		{65BEC462-CC88-40CB-BF4E-5E8F69928179}.Release|Any CPU.Build.0 = Release|Any CPU
		{3048E191-8282-425C-AB88-6CDE10E505EA}.Debug|Any CPU.ActiveCfg = Debug|Any CPU
		{3048E191-8282-425C-AB88-6CDE10E505EA}.Debug|Any CPU.Build.0 = Debug|Any CPU
		{3048E191-8282-425C-AB88-6CDE10E505EA}.Release|Any CPU.ActiveCfg = Release|Any CPU
		{3048E191-8282-425C-AB88-6CDE10E505EA}.Release|Any CPU.Build.0 = Release|Any CPU
	EndGlobalSection
	GlobalSection(SolutionProperties) = preSolution
		HideSolutionNode = FALSE
	EndGlobalSection
	GlobalSection(ExtensibilityGlobals) = postSolution
		SolutionGuid = {150E35DB-068C-4918-B2BB-9B62205415AC}
	EndGlobalSection
EndGlobal
